
Microsoft Visual Studio Solution File, Format Version 12.00
# Visual Studio 15
VisualStudioVersion = 15.0.26124.0
MinimumVisualStudioVersion = 15.0.26124.0
Project("{F2A71F9B-5D33-465A-A702-920D77279786}") = "ScanRat", "ScanRat\ScanRat.fsproj", "{7888C3DD-5556-4309-AD77-2658AAA72311}"
EndProject
Project("{F2A71F9B-5D33-465A-A702-920D77279786}") = "ScanRat.Tests", "ScanRat.Tests\ScanRat.Tests.fsproj", "{DD1BB138-5486-4476-99E0-2F3C10F4752E}"
EndProject
Global
	GlobalSection(SolutionConfigurationPlatforms) = preSolution
		Debug|Any CPU = Debug|Any CPU
		Debug|x64 = Debug|x64
		Debug|x86 = Debug|x86
		Release|Any CPU = Release|Any CPU
		Release|x64 = Release|x64
		Release|x86 = Release|x86
	EndGlobalSection
	GlobalSection(SolutionProperties) = preSolution
		HideSolutionNode = FALSE
	EndGlobalSection
	GlobalSection(ProjectConfigurationPlatforms) = postSolution
		{7888C3DD-5556-4309-AD77-2658AAA72311}.Debug|Any CPU.ActiveCfg = Debug|Any CPU
		{7888C3DD-5556-4309-AD77-2658AAA72311}.Debug|Any CPU.Build.0 = Debug|Any CPU
		{7888C3DD-5556-4309-AD77-2658AAA72311}.Debug|x64.ActiveCfg = Debug|Any CPU
		{7888C3DD-5556-4309-AD77-2658AAA72311}.Debug|x64.Build.0 = Debug|Any CPU
		{7888C3DD-5556-4309-AD77-2658AAA72311}.Debug|x86.ActiveCfg = Debug|Any CPU
		{7888C3DD-5556-4309-AD77-2658AAA72311}.Debug|x86.Build.0 = Debug|Any CPU
		{7888C3DD-5556-4309-AD77-2658AAA72311}.Release|Any CPU.ActiveCfg = Release|Any CPU
		{7888C3DD-5556-4309-AD77-2658AAA72311}.Release|Any CPU.Build.0 = Release|Any CPU
		{7888C3DD-5556-4309-AD77-2658AAA72311}.Release|x64.ActiveCfg = Release|Any CPU
		{7888C3DD-5556-4309-AD77-2658AAA72311}.Release|x64.Build.0 = Release|Any CPU
		{7888C3DD-5556-4309-AD77-2658AAA72311}.Release|x86.ActiveCfg = Release|Any CPU
		{7888C3DD-5556-4309-AD77-2658AAA72311}.Release|x86.Build.0 = Release|Any CPU
		{DD1BB138-5486-4476-99E0-2F3C10F4752E}.Debug|Any CPU.ActiveCfg = Debug|Any CPU
		{DD1BB138-5486-4476-99E0-2F3C10F4752E}.Debug|Any CPU.Build.0 = Debug|Any CPU
		{DD1BB138-5486-4476-99E0-2F3C10F4752E}.Debug|x64.ActiveCfg = Debug|Any CPU
		{DD1BB138-5486-4476-99E0-2F3C10F4752E}.Debug|x64.Build.0 = Debug|Any CPU
		{DD1BB138-5486-4476-99E0-2F3C10F4752E}.Debug|x86.ActiveCfg = Debug|Any CPU
		{DD1BB138-5486-4476-99E0-2F3C10F4752E}.Debug|x86.Build.0 = Debug|Any CPU
		{DD1BB138-5486-4476-99E0-2F3C10F4752E}.Release|Any CPU.ActiveCfg = Release|Any CPU
		{DD1BB138-5486-4476-99E0-2F3C10F4752E}.Release|Any CPU.Build.0 = Release|Any CPU
		{DD1BB138-5486-4476-99E0-2F3C10F4752E}.Release|x64.ActiveCfg = Release|Any CPU
		{DD1BB138-5486-4476-99E0-2F3C10F4752E}.Release|x64.Build.0 = Release|Any CPU
		{DD1BB138-5486-4476-99E0-2F3C10F4752E}.Release|x86.ActiveCfg = Release|Any CPU
		{DD1BB138-5486-4476-99E0-2F3C10F4752E}.Release|x86.Build.0 = Release|Any CPU
	EndGlobalSection
EndGlobal
